{
  "projects": [
    {
      "projectId": "gmeH6XgPaBtkt51HunAo4g",
      "version": "18.15.0",
      "dependencies": {},
      "lang": "ts",
      "fileLocks": [
        {
          "assetId": "gmeH6XgPaBtkt51HunAo4g",
          "type": "projectCss",
          "checksum": "1c02168c6b23256606111fdfdbb63549"
        }
      ],
      "codegenVersion": "0.0.1"
    },
    {
      "projectId": "6GgaEV8wA3NAjSPNQQE37W",
      "version": "latest",
      "dependencies": {
        "gmeH6XgPaBtkt51HunAo4g": "18.15.0",
        "ohDidvG9XsCeFumugENU3J": "6.29.0",
        "caTPwKxj5ZrD9LQ7DMdK4Z": "3.40.0"
      },
      "lang": "ts",
      "fileLocks": [
        {
          "type": "globalVariant",
          "assetId": "19vDIKMMMBC3",
          "checksum": "504f2b6d19d4a2b1720f5571b8f8f95d"
        },
        {
          "type": "renderModule",
          "assetId": "H1CWy2aw37Fp",
          "checksum": "c5f28a094f67086447f51cc19d4824c6"
        },
        {
          "type": "cssRules",
          "assetId": "H1CWy2aw37Fp",
          "checksum": "c5f28a094f67086447f51cc19d4824c6"
        },
        {
          "type": "renderModule",
          "assetId": "69NJUKzLHrLz",
          "checksum": "3ab25f407a2c8ad200b5ee24101e2740"
        },
        {
          "type": "cssRules",
          "assetId": "69NJUKzLHrLz",
          "checksum": "3ab25f407a2c8ad200b5ee24101e2740"
        },
        {
          "type": "renderModule",
          "assetId": "hqMSQFDi-FEs",
          "checksum": "d35e41ffbc868fe7458922ea7e6a8500"
        },
        {
          "type": "cssRules",
          "assetId": "hqMSQFDi-FEs",
          "checksum": "d35e41ffbc868fe7458922ea7e6a8500"
        },
        {
          "type": "icon",
          "assetId": "naWR3dndDZx1",
          "checksum": "0dab681d05578b1cd251a32de8c815ea"
        },
        {
          "type": "icon",
          "assetId": "y5vcGry1DlyS",
          "checksum": "11dc792d322ed204a945548ce5c81538"
        },
        {
          "type": "renderModule",
          "assetId": "mbkly9G2X3L1",
          "checksum": "db18173d0491b8ccf283b4014c0221e5"
        },
        {
          "type": "cssRules",
          "assetId": "mbkly9G2X3L1",
          "checksum": "db18173d0491b8ccf283b4014c0221e5"
        },
        {
          "type": "icon",
          "assetId": "xBHjxIupafBj",
          "checksum": "32f84c7bf91c2de32be88340c717dd8a"
        },
        {
          "type": "image",
          "assetId": "TsPzuwEdIt9d",
          "checksum": "5c1ebaba99ec647cfd950f7c5aa12aba"
        },
        {
          "type": "image",
          "assetId": "3CmdWRkHH6Tp",
          "checksum": "84edc21e54bb7c5c1af320202e73bb04"
        },
        {
          "type": "renderModule",
          "assetId": "4Ad_NJbeLZ66",
          "checksum": "5eb6d827617c30b56a195ef53acd9de2"
        },
        {
          "type": "cssRules",
          "assetId": "4Ad_NJbeLZ66",
          "checksum": "5eb6d827617c30b56a195ef53acd9de2"
        },
        {
          "type": "renderModule",
          "assetId": "xRTHJhz9VfiN",
          "checksum": "6db33e3d2b4683c9bb711e5969296399"
        },
        {
          "type": "cssRules",
          "assetId": "xRTHJhz9VfiN",
          "checksum": "6db33e3d2b4683c9bb711e5969296399"
        },
        {
          "type": "renderModule",
          "assetId": "FfPpxlM_Ttcg",
          "checksum": "89f7c6908adcf32875a012e2a6aa92d5"
        },
        {
          "type": "cssRules",
          "assetId": "FfPpxlM_Ttcg",
          "checksum": "89f7c6908adcf32875a012e2a6aa92d5"
        },
        {
          "type": "icon",
          "assetId": "4HIycwZWkq14",
          "checksum": "0293fe1d78928f4ace0bb056359060ec"
        },
        {
          "type": "icon",
          "assetId": "Ur8C44lc8L3q",
          "checksum": "9c9c2247b4cfd475c4f0a1ec08ed98bf"
        },
        {
          "type": "icon",
          "assetId": "kX-GSfenxTZ9",
          "checksum": "7f33bd3b84b29839e6b5c33cabfcc630"
        },
        {
          "type": "icon",
          "assetId": "xexxVvt8XtbL",
          "checksum": "1880e956e8f42b402a0d087b0ea8331a"
        },
        {
          "type": "icon",
          "assetId": "vRVf4IxbC4In",
          "checksum": "c4f68bfe86d249090e00d351f828f166"
        },
        {
          "type": "icon",
          "assetId": "VwNYwapiW76b",
          "checksum": "4d85c1e3d209fd446770cc82614d2dae"
        },
        {
          "type": "icon",
          "assetId": "uOef1YMRGbZA",
          "checksum": "e25ad18fb0fdd36cda7b2d69e110823a"
        },
        {
          "type": "icon",
          "assetId": "ENyKw7XLhJWQ",
          "checksum": "897c510a758f2822b3f9d9a8fa002736"
        },
        {
          "type": "icon",
          "assetId": "HNCQ8Br2KC61",
          "checksum": "e424cbdb4a3158c412f374f5c1eba565"
        },
        {
          "type": "icon",
          "assetId": "W7PStREItumo",
          "checksum": "644a87489277a8b83272d5297dceec50"
        },
        {
          "type": "icon",
          "assetId": "ZYG0aL_3Lnk5",
          "checksum": "41184139b47abe6a5e1b8c95e2a3d2b5"
        },
        {
          "type": "icon",
          "assetId": "CXvWorj5fDVP",
          "checksum": "24888507419840325ab0ef07fc7b687f"
        },
        {
          "type": "icon",
          "assetId": "FkkbCBeU8sBS",
          "checksum": "58604eb4623a915f5a1bc88a77571d80"
        },
        {
          "type": "icon",
          "assetId": "ax4tSOLInpw3",
          "checksum": "e88cf686c52ccd49b25c3973e682f2d5"
        },
        {
          "type": "icon",
          "assetId": "BMM2JXlxQkOu",
          "checksum": "3852eb2d5055cd91fe1481ef324d11de"
        },
        {
          "type": "icon",
          "assetId": "NJtEUj49gfyH",
          "checksum": "eb7c89eaf592ca02eb3b024fdbdf3073"
        },
        {
          "type": "icon",
          "assetId": "N8RCkXrJfqkc",
          "checksum": "1647938b8d0314c135dc6478935610d1"
        },
        {
          "type": "icon",
          "assetId": "PP3GYPb064wh",
          "checksum": "7038c6062fb094c66f630d0c2d2a791f"
        },
        {
          "type": "icon",
          "assetId": "xgwB-7-vlDl4",
          "checksum": "290569b6241663bda2bc92e879238492"
        },
        {
          "type": "icon",
          "assetId": "ldXVlYSvmDJA",
          "checksum": "ab9cd0b67f5709a41267073e91c6c037"
        },
        {
          "type": "icon",
          "assetId": "kQezxP9GElPe",
          "checksum": "881da46befd7c90907c3634c826c4c9c"
        },
        {
          "type": "icon",
          "assetId": "co9yA_WmmQ5x",
          "checksum": "eb33bda42feb92e601f9ca3f335baced"
        },
        {
          "type": "icon",
          "assetId": "uBMHnK7097pW",
          "checksum": "6843284c2011d18e7e5a5b23ee772aeb"
        },
        {
          "type": "image",
          "assetId": "QL5r42qVIy1L",
          "checksum": "8d8c73553879ed217fafafeca8ea7c68"
        },
        {
          "type": "image",
          "assetId": "sS3jP6U4o42X",
          "checksum": "686468d3783389305c641ec1c75d874e"
        },
        {
          "type": "image",
          "assetId": "Fdre77ofjxXy",
          "checksum": "fa5898e43b513969816f2ed3f182065b"
        },
        {
          "type": "image",
          "assetId": "1m2iljN2m1WE",
          "checksum": "0872266da1d4850b189e2437cde4734c"
        },
        {
          "type": "image",
          "assetId": "QqXsTGoPudTo",
          "checksum": "190d882442f05cda065d0e621b000cbd"
        },
        {
          "type": "image",
          "assetId": "71smsDh-AX1K",
          "checksum": "3c84f40b1c2927512415dcc9bf73f881"
        },
        {
          "type": "image",
          "assetId": "1UcwIdr7wR6A",
          "checksum": "e6f6e7f2fe8cfb2979cd4014978f9719"
        },
        {
          "type": "image",
          "assetId": "JAqjqyP2MFws",
          "checksum": "9f3d549ef6712f04be727e48a7ad819e"
        },
        {
          "type": "image",
          "assetId": "zlAFEaxpe3XY",
          "checksum": "0b9bd8049b8f3034475b6120aa0a7ef6"
        },
        {
          "type": "image",
          "assetId": "BUtHHa6P_FLB",
          "checksum": "acb136ad9f8cb8ef4bcb906058977972"
        },
        {
          "type": "image",
          "assetId": "QWXTI86IG7Y-",
          "checksum": "c88518ce3529e64f35c8561aae9f2290"
        },
        {
          "type": "image",
          "assetId": "DANQBEe69y8m",
          "checksum": "6cb3919d74d3b37bc429a1c34b670a42"
        },
        {
          "type": "image",
          "assetId": "MzwLWSvPd69D",
          "checksum": "3a10e2066a6d087e783cadd603510c59"
        },
        {
          "type": "image",
          "assetId": "tYl0GDl1cGwM",
          "checksum": "8f56067b5aead2d11e662145a5157d4d"
        },
        {
          "type": "image",
          "assetId": "XLlotUfISDEy",
          "checksum": "d1f40824cf47a97e1ba3fab3fd06abb8"
        },
        {
          "type": "image",
          "assetId": "2CEPabm5_GMD",
          "checksum": "c4ca0285c255b7310b3aa8b42261246e"
        },
        {
          "type": "image",
          "assetId": "VJQ7h6U-5Z1y",
          "checksum": "75944398c98fec6c4903652b1966fa72"
        },
        {
          "type": "image",
          "assetId": "HIBFUdWIDMTx",
          "checksum": "87a64d948a79d7cf9365633438d2a335"
        },
        {
          "type": "image",
          "assetId": "PlvGhBvEfGCO",
          "checksum": "4e38047f57651391b0b9a99006285c74"
        },
        {
          "type": "image",
          "assetId": "njfX92AVKy4i",
          "checksum": "e05b1eacd6c472619cc1c6f1cc8c03c3"
        },
        {
          "type": "image",
          "assetId": "lRgjhG2f88eS",
          "checksum": "4181be012cf73b96caf784a9edcf40e8"
        },
        {
          "type": "image",
          "assetId": "F62vU2IHtvtX",
          "checksum": "b12cbf186f478130320ec109cf8d8858"
        },
        {
          "type": "image",
          "assetId": "CdbPjN3ETRl4",
          "checksum": "793c44ba0115463692b16b058daab4f6"
        },
        {
          "type": "image",
          "assetId": "sADUfSJNW26d",
          "checksum": "7fc7abfbf26b7d8382670c6bb85c0136"
        },
        {
          "type": "image",
          "assetId": "hibyp3_KZOES",
          "checksum": "c03fab9f1fbdba8c7a48e8787b8b770e"
        },
        {
          "type": "renderModule",
          "assetId": "s_tM3Bce_S8C",
          "checksum": "cecb4562fd009db88185d939cd657ba1"
        },
        {
          "type": "cssRules",
          "assetId": "s_tM3Bce_S8C",
          "checksum": "cecb4562fd009db88185d939cd657ba1"
        },
        {
          "type": "renderModule",
          "assetId": "WFxcD-A0CuVm",
          "checksum": "b50706d334ac4e79c74b31ec476655ee"
        },
        {
          "type": "cssRules",
          "assetId": "WFxcD-A0CuVm",
          "checksum": "b50706d334ac4e79c74b31ec476655ee"
        },
        {
          "type": "renderModule",
          "assetId": "GXCLCrAHlWjI",
          "checksum": "40f0adf380d84b6748baa8b3f2488cda"
        },
        {
          "type": "cssRules",
          "assetId": "GXCLCrAHlWjI",
          "checksum": "40f0adf380d84b6748baa8b3f2488cda"
        },
        {
          "type": "renderModule",
          "assetId": "MM3CHCkctW97",
          "checksum": "f547b47c4e055765049d32a9b13840b7"
        },
        {
          "type": "cssRules",
          "assetId": "MM3CHCkctW97",
          "checksum": "f547b47c4e055765049d32a9b13840b7"
        },
        {
          "type": "renderModule",
          "assetId": "9yVZznAgixZb",
          "checksum": "107cbe80e11d37d34776e55f051a302a"
        },
        {
          "type": "cssRules",
          "assetId": "9yVZznAgixZb",
          "checksum": "107cbe80e11d37d34776e55f051a302a"
        },
        {
          "type": "renderModule",
          "assetId": "_V8L3SCxePZg",
          "checksum": "6b394d6f7e4adcc4091e3b1615c372f7"
        },
        {
          "type": "cssRules",
          "assetId": "_V8L3SCxePZg",
          "checksum": "6b394d6f7e4adcc4091e3b1615c372f7"
        },
        {
          "type": "renderModule",
          "assetId": "pZPvFfGgHk8v",
          "checksum": "7698d69f28f3dedd088777210adc8aff"
        },
        {
          "type": "cssRules",
          "assetId": "pZPvFfGgHk8v",
          "checksum": "7698d69f28f3dedd088777210adc8aff"
        },
        {
          "assetId": "6GgaEV8wA3NAjSPNQQE37W",
          "checksum": "d1a731c3545dab7388f7eb5ae9415e0e",
          "type": "globalContexts"
        },
        {
          "type": "renderModule",
          "assetId": "vo5GSppb9A5N",
          "checksum": "69736427ea5dbcd64fef314ce0a9db1c"
        },
        {
          "type": "cssRules",
          "assetId": "vo5GSppb9A5N",
          "checksum": "69736427ea5dbcd64fef314ce0a9db1c"
        },
        {
          "type": "image",
          "assetId": "5b8wp2I6q0au",
          "checksum": "22dbfc5f2081ea9532442319489afbdc"
        },
        {
          "type": "image",
          "assetId": "7keFTh6cw3f-",
          "checksum": "5941e1f0b63ec3e132d8fbffeb559791"
        },
        {
          "type": "image",
          "assetId": "QnT-K616HPOJ",
          "checksum": "6eb0b5df5ba9dae33829fcd7edde023d"
        },
        {
          "type": "image",
          "assetId": "6Hv9r5bNWhP1",
          "checksum": "0884db964e4fd5d8e9fe9b1522f7c15a"
        },
        {
          "type": "image",
          "assetId": "qAvNgxsNocS4",
          "checksum": "bb76cfa7b0627878c3baaf5c3e0d7fc1"
        },
        {
          "type": "image",
          "assetId": "Jr6GI7YQZdL4",
          "checksum": "4c6974626497fe4813dfa2930ae15944"
        },
        {
          "type": "image",
          "assetId": "efzJVq6YnMH4",
          "checksum": "7d884b27cb2753aa804cc81c75dbef17"
        },
        {
          "type": "renderModule",
          "assetId": "Fvwf7HKIWogb",
          "checksum": "95ecf6c635e3f08e4acb3c97c5df9c27"
        },
        {
          "type": "cssRules",
          "assetId": "Fvwf7HKIWogb",
          "checksum": "95ecf6c635e3f08e4acb3c97c5df9c27"
        },
        {
          "type": "renderModule",
          "assetId": "uq5Q3NstJD05",
          "checksum": "05e4c864199366624c4d0ca23ddb1a4d"
        },
        {
          "type": "cssRules",
          "assetId": "uq5Q3NstJD05",
          "checksum": "05e4c864199366624c4d0ca23ddb1a4d"
        },
        {
          "type": "renderModule",
          "assetId": "PAg8waIYOX54",
          "checksum": "99ee96683e0098e47b891c53c7a77199"
        },
        {
          "type": "cssRules",
          "assetId": "PAg8waIYOX54",
          "checksum": "99ee96683e0098e47b891c53c7a77199"
        },
        {
          "assetId": "6GgaEV8wA3NAjSPNQQE37W",
          "type": "projectCss",
          "checksum": "5a20a37854a4472e73fa45f2cae1e835"
        }
      ],
      "codegenVersion": "0.0.1"
    },
    {
      "projectId": "ohDidvG9XsCeFumugENU3J",
      "version": "6.29.0",
      "dependencies": {},
      "lang": "ts",
      "fileLocks": [
        {
          "assetId": "ohDidvG9XsCeFumugENU3J",
          "type": "projectCss",
          "checksum": "ba2a60a163fca4f4d510275088a2be53"
        },
        {
          "assetId": "ohDidvG9XsCeFumugENU3J",
          "checksum": "f9cc098ce5640eefe7d9edb8470a210c",
          "type": "globalContexts"
        }
      ],
      "codegenVersion": "0.0.1"
    },
    {
      "projectId": "caTPwKxj5ZrD9LQ7DMdK4Z",
      "version": "3.40.0",
      "dependencies": {},
      "lang": "ts",
      "fileLocks": [
        {
          "assetId": "caTPwKxj5ZrD9LQ7DMdK4Z",
          "type": "projectCss",
          "checksum": "1c02168c6b23256606111fdfdbb63549"
        }
      ],
      "codegenVersion": "0.0.1"
    }
  ],
  "cliVersion": "0.1.337"
}
